Microsoft Visual Studio Solution File, Format Version 11.00
# Visual Studio 2008

Project("{ECFE3C46-5AEC-A709-9477-943D6D7D6F18}") = "ISGProjet", "Assembly-CSharp.csproj", "{53BD7907-57EC-529D-17E3-45371DFC653F}"
EndProject
Global
	GlobalSection(SolutionConfigurationPlatforms) = preSolution
		Debug|Any CPU = Debug|Any CPU
		Release|Any CPU = Release|Any CPU
	EndGlobalSection
	GlobalSection(ProjectConfigurationPlatforms) = postSolution
		{53BD7907-57EC-529D-17E3-45371DFC653F}.Debug|Any CPU.ActiveCfg = Debug|Any CPU
		{53BD7907-57EC-529D-17E3-45371DFC653F}.Debug|Any CPU.Build.0 = Debug|Any CPU
		{53BD7907-57EC-529D-17E3-45371DFC653F}.Release|Any CPU.ActiveCfg = Release|Any CPU
		{53BD7907-57EC-529D-17E3-45371DFC653F}.Release|Any CPU.Build.0 = Release|Any CPU
	EndGlobalSection
	GlobalSection(SolutionProperties) = preSolution
		HideSolutionNode = FALSE
	EndGlobalSection
	GlobalSection(MonoDevelopProperties) = preSolution
		StartupItem = Assembly-CSharp.csproj
	EndGlobalSection
EndGlobal
